# THIS IS AN AUTOGENERATED FILE. DO NOT EDIT THIS FILE DIRECTLY.
# yarn lockfile v1


"bnb-tx-decoder@https://github.com/ferrumnet/bnb-tx-decoder":
  version "1.0.0"
  resolved "https://github.com/ferrumnet/bnb-tx-decoder#636c97406f44928b07ae2cd8782b7feafe41fdf2"
  dependencies:
    is_js "^0.9.0"
    protocol-buffers-encodings "^1.1.0"
    safe-buffer "^5.1.2"

is_js@^0.9.0:
  version "0.9.0"
  resolved "https://registry.yarnpkg.com/is_js/-/is_js-0.9.0.tgz#0ab94540502ba7afa24c856aa985561669e9c52d"
  integrity sha1-CrlFQFArp6+iTIVqqYVWFmnpxS0=

protocol-buffers-encodings@^1.1.0:
  version "1.1.1"
  resolved "https://registry.yarnpkg.com/protocol-buffers-encodings/-/protocol-buffers-encodings-1.1.1.tgz#f1e4a386711823137330171d2c82b49d062e75d3"
  integrity sha512-5aFshI9SbhtcMiDiZZu3g2tMlZeS5lhni//AGJ7V34PQLU5JA91Cva7TIs6inZhYikS3OpnUzAUuL6YtS0CyDA==
  dependencies:
    signed-varint "^2.0.1"
    varint "5.0.0"

safe-buffer@^5.1.2:
  version "5.2.1"
  resolved "https://registry.yarnpkg.com/safe-buffer/-/safe-buffer-5.2.1.tgz#1eaf9fa9bdb1fdd4ec75f58f9cdb4e6b7827eec6"
  integrity sha512-rp3So07KcdmmKbGvgaNxQSJr7bGVSVk5S9Eq1F+ppbRo70+YeaDxkw5Dd8NPN+GD6bjnYm2VuPuCXmpuYvmCXQ==

signed-varint@^2.0.1:
  version "2.0.1"
  resolved "https://registry.yarnpkg.com/signed-varint/-/signed-varint-2.0.1.tgz#50a9989da7c98c2c61dad119bc97470ef8528129"
  integrity sha1-UKmYnafJjCxh2tEZvJdHDvhSgSk=
  dependencies:
    varint "~5.0.0"

varint@5.0.0:
  version "5.0.0"
  resolved "https://registry.yarnpkg.com/varint/-/varint-5.0.0.tgz#d826b89f7490732fabc0c0ed693ed475dcb29ebf"
  integrity sha1-2Ca4n3SQcy+rwMDtaT7Uddyynr8=

varint@~5.0.0:
  version "5.0.2"
  resolved "https://registry.yarnpkg.com/varint/-/varint-5.0.2.tgz#5b47f8a947eb668b848e034dcfa87d0ff8a7f7a4"
  integrity sha512-lKxKYG6H03yCZUpAGOPOsMcGxd1RHCu1iKvEHYDPmTyq2HueGhD73ssNBqqQWfvYs04G9iUFRvmAVLW20Jw6ow==
